
Microsoft Visual Studio Solution File, Format Version 12.00
# Visual Studio Version 16
VisualStudioVersion = 16.0.30907.101
MinimumVisualStudioVersion = 10.0.40219.1
Project("{FAE04EC0-301F-11D3-BF4B-00C04F79EFBC}") = "СodingChallenge1", "СodingChallenge1\СodingChallenge1.csproj", "{5CB898F7-E5DB-40D6-A717-B8A2E7893D3A}"
EndProject
Global
	GlobalSection(SolutionConfigurationPlatforms) = preSolution
		Debug|Any CPU = Debug|Any CPU
		Release|Any CPU = Release|Any CPU
	EndGlobalSection
	GlobalSection(ProjectConfigurationPlatforms) = postSolution
		{5CB898F7-E5DB-40D6-A717-B8A2E7893D3A}.Debug|Any CPU.ActiveCfg = Debug|Any CPU
		{5CB898F7-E5DB-40D6-A717-B8A2E7893D3A}.Debug|Any CPU.Build.0 = Debug|Any CPU
		{5CB898F7-E5DB-40D6-A717-B8A2E7893D3A}.Release|Any CPU.ActiveCfg = Release|Any CPU
		{5CB898F7-E5DB-40D6-A717-B8A2E7893D3A}.Release|Any CPU.Build.0 = Release|Any CPU
	EndGlobalSection
	GlobalSection(SolutionProperties) = preSolution
		HideSolutionNode = FALSE
	EndGlobalSection
	GlobalSection(ExtensibilityGlobals) = postSolution
		SolutionGuid = {F412F70F-C66D-48A6-8595-5FC1C304396C}
	EndGlobalSection
EndGlobal
